{"1.2.0",
[{<<"elli">>,
  {git,"git@github.com:elli-lib/elli.git",
       {ref,"3ec352293ef493c142767127f4113c85541c32cc"}},
  1},
 {<<"erf">>,
  {git,"https://git.wongcw.cn/fastwong/erfast.git",
       {ref,"120d3c4b7b30e9ee30b146174cab8dc44de1802f"}},
  0},
 {<<"goldrush">>,{pkg,<<"goldrush">>,<<"0.1.9">>},1},
 {<<"lager">>,
  {git,"https://github.com/erlang-lager/lager.git",
       {ref,"459a3b2cdd9eadd29e5a7ce5c43932f5ccd6eb88"}},
  0},
 {<<"mysql">>,
  {git,"https://github.com/mysql-otp/mysql-otp.git",
       {ref,"e5abc887d00b92daa438a1709e2b9b9ee07317bd"}},
  1},
 {<<"mysql_pool">>,
  {git,"https://github.com/silviucpp/mysql_pool.git",
       {ref,"14748b221a91331e35746afd300fe913996179e1"}},
  0},
 {<<"ncalendar">>,
  {git,"git@github.com:nomasystems/ncalendar.git",
       {ref,"0237766de898145bbd55bb26eef8917535f341ca"}},
  2},
 {<<"ndto">>,
  {git,"git@github.com:nomasystems/ndto.git",
       {ref,"ecb52baafa44eba1d58661e4658e34b011aeb58c"}},
  1},
 {<<"njson">>,
  {git,"git@github.com:nomasystems/njson.git",
       {ref,"b230b3e6fb5e35320aeaa203762f3f12277c9970"}},
  1},
 {<<"plists">>,
  {git,"https://github.com/silviucpp/plists.git",
       {ref,"be6c911bb9a007f083ba49cd296dc0da7a02e4ca"}},
  1},
 {<<"poolboy">>,
  {git,"https://github.com/devinus/poolboy.git",
       {ref,"29be47db8c2be38b18c908e43a80ebb7b9b6116b"}},
  1}]}.
[
{pkg_hash,[
 {<<"goldrush">>, <<"F06E5D5F1277DA5C413E84D5A2924174182FB108DABB39D5EC548B27424CD106">>}]},
{pkg_hash_ext,[
 {<<"goldrush">>, <<"99CB4128CFFCB3227581E5D4D803D5413FA643F4EB96523F77D9E6937D994CEB">>}]}
].
